
Microsoft Visual Studio Solution File, Format Version 12.00
# Visual Studio Version 16
VisualStudioVersion = 16.0.30804.86
MinimumVisualStudioVersion = 10.0.40219.1
Project("{9A19103F-16F7-4668-BE54-9A1E7A4F7556}") = "Devinno", "Devinno.csproj", "{F8EF872C-3445-4479-9B8A-A3AF81C343F3}"
EndProject
Global
	GlobalSection(SolutionConfigurationPlatforms) = preSolution
		Debug|Any CPU = Debug|Any CPU
		Release|Any CPU = Release|Any CPU
	EndGlobalSection
	GlobalSection(ProjectConfigurationPlatforms) = postSolution
		{F8EF872C-3445-4479-9B8A-A3AF81C343F3}.Debug|Any CPU.ActiveCfg = Debug|Any CPU
		{F8EF872C-3445-4479-9B8A-A3AF81C343F3}.Debug|Any CPU.Build.0 = Debug|Any CPU
		{F8EF872C-3445-4479-9B8A-A3AF81C343F3}.Release|Any CPU.ActiveCfg = Release|Any CPU
		{F8EF872C-3445-4479-9B8A-A3AF81C343F3}.Release|Any CPU.Build.0 = Release|Any CPU
	EndGlobalSection
	GlobalSection(SolutionProperties) = preSolution
		HideSolutionNode = FALSE
	EndGlobalSection
	GlobalSection(ExtensibilityGlobals) = postSolution
		SolutionGuid = {9E9A10FB-DC46-4411-8AAE-62D92D3CF8BD}
	EndGlobalSection
EndGlobal
